// !$*UTF8*$!
{
	archiveVersion = 1;
	classes = {
	};
	objectVersion = 46;
	objects = {

/* Begin PBXBuildFile section */
		F939C6FF1BC77F5C007D8BB0 /* SettingsViewController.m in Sources */ = {isa = PBXBuildFile; fileRef = F939C6FE1BC77F5C007D8BB0 /* SettingsViewController.m */; settings = {ASSET_TAGS = (); }; };
		F96481291BC7434F007919F7 /* main.m in Sources */ = {isa = PBXBuildFile; fileRef = F96481281BC7434F007919F7 /* main.m */; };
		F964812C1BC7434F007919F7 /* AppDelegate.m in Sources */ = {isa = PBXBuildFile; fileRef = F964812B1BC7434F007919F7 /* AppDelegate.m */; };
		F964812F1BC7434F007919F7 /* TipViewController.m in Sources */ = {isa = PBXBuildFile; fileRef = F964812E1BC7434F007919F7 /* TipViewController.m */; };
		F96481321BC7434F007919F7 /* Main.storyboard in Resources */ = {isa = PBXBuildFile; fileRef = F96481301BC7434F007919F7 /* Main.storyboard */; };
		F96481341BC7434F007919F7 /* Assets.xcassets in Resources */ = {isa = PBXBuildFile; fileRef = F96481331BC7434F007919F7 /* Assets.xcassets */; };
		F96481371BC7434F007919F7 /* LaunchScreen.storyboard in Resources */ = {isa = PBXBuildFile; fileRef = F96481351BC7434F007919F7 /* LaunchScreen.storyboard */; };
/* End PBXBuildFile section */

/* Begin PBXFileReference section */
		F939C6FD1BC77F5C007D8BB0 /* SettingsViewController.h */ = {isa = PBXFileReference; fileEncoding = 4; lastKnownFileType = sourcecode.c.h; path = SettingsViewController.h; sourceTree = "<group>"; };
		F939C6FE1BC77F5C007D8BB0 /* SettingsViewController.m */ = {isa = PBXFileReference; fileEncoding = 4; lastKnownFileType = sourcecode.c.objc; path = SettingsViewController.m; sourceTree = "<group>"; };
		F96481241BC7434F007919F7 /* TipCalculator.app */ = {isa = PBXFileReference; explicitFileType = wrapper.application; includeInIndex = 0; path = TipCalculator.app; sourceTree = BUILT_PRODUCTS_DIR; };
		F96481281BC7434F007919F7 /* main.m */ = {isa = PBXFileReference; lastKnownFileType = sourcecode.c.objc; path = main.m; sourceTree = "<group>"; };
		F964812A1BC7434F007919F7 /* AppDelegate.h */ = {isa = PBXFileReference; lastKnownFileType = sourcecode.c.h; path = AppDelegate.h; sourceTree = "<group>"; };
		F964812B1BC7434F007919F7 /* AppDelegate.m */ = {isa = PBXFileReference; lastKnownFileType = sourcecode.c.objc; path = AppDelegate.m; sourceTree = "<group>"; };
		F964812D1BC7434F007919F7 /* TipViewController.h */ = {isa = PBXFileReference; lastKnownFileType = sourcecode.c.h; path = TipViewController.h; sourceTree = "<group>"; };
		F964812E1BC7434F007919F7 /* TipViewController.m */ = {isa = PBXFileReference; lastKnownFileType = sourcecode.c.objc; path = TipViewController.m; sourceTree = "<group>"; };
		F96481311BC7434F007919F7 /* Base */ = {isa = PBXFileReference; lastKnownFileType = file.storyboard; name = Base; path = Base.lproj/Main.storyboard; sourceTree = "<group>"; };
		F96481331BC7434F007919F7 /* Assets.xcassets */ = {isa = PBXFileReference; lastKnownFileType = folder.assetcatalog; path = Assets.xcassets; sourceTree = "<group>"; };
		F96481361BC7434F007919F7 /* Base */ = {isa = PBXFileReference; lastKnownFileType = file.storyboard; name = Base; path = Base.lproj/LaunchScreen.storyboard; sourceTree = "<group>"; };
		F96481381BC7434F007919F7 /* Info.plist */ = {isa = PBXFileReference; lastKnownFileType = text.plist.xml; path = Info.plist; sourceTree = "<group>"; };
/* End PBXFileReference section */

/* Begin PBXFrameworksBuildPhase section */
		F96481211BC7434F007919F7 /* Frameworks */ = {
			isa = PBXFrameworksBuildPhase;
			buildActionMask = 2147483647;
			files = (
			);
			runOnlyForDeploymentPostprocessing = 0;
		};
/* End PBXFrameworksBuildPhase section */

/* Begin PBXGroup section */
		F964811B1BC7434F007919F7 = {
			isa = PBXGroup;
			children = (
				F96481261BC7434F007919F7 /* TipCalculator */,
				F96481251BC7434F007919F7 /* Products */,
			);
			sourceTree = "<group>";
		};
		F96481251BC7434F007919F7 /* Products */ = {
			isa = PBXGroup;
			children = (
				F96481241BC7434F007919F7 /* TipCalculator.app */,
			);
			name = Products;
			sourceTree = "<group>";
		};
		F96481261BC7434F007919F7 /* TipCalculator */ = {
			isa = PBXGroup;
			children = (
				F964812A1BC7434F007919F7 /* AppDelegate.h */,
				F964812B1BC7434F007919F7 /* AppDelegate.m */,
				F964812D1BC7434F007919F7 /* TipViewController.h */,
				F964812E1BC7434F007919F7 /* TipViewController.m */,
				F96481301BC7434F007919F7 /* Main.storyboard */,
				F939C6FD1BC77F5C007D8BB0 /* SettingsViewController.h */,
				F939C6FE1BC77F5C007D8BB0 /* SettingsViewController.m */,
				F96481331BC7434F007919F7 /* Assets.xcassets */,
				F96481351BC7434F007919F7 /* LaunchScreen.storyboard */,
				F96481381BC7434F007919F7 /* Info.plist */,
				F96481271BC7434F007919F7 /* Supporting Files */,
			);
			path = TipCalculator;
			sourceTree = "<group>";
		};
		F96481271BC7434F007919F7 /* Supporting Files */ = {
			isa = PBXGroup;
			children = (
				F96481281BC7434F007919F7 /* main.m */,
			);
			name = "Supporting Files";
			sourceTree = "<group>";
		};
/* End PBXGroup section */

/* Begin PBXNativeTarget section */
		F96481231BC7434F007919F7 /* TipCalculator */ = {
			isa = PBXNativeTarget;
			buildConfigurationList = F964813B1BC7434F007919F7 /* Build configuration list for PBXNativeTarget "TipCalculator" */;
			buildPhases = (
				F96481201BC7434F007919F7 /* Sources */,
				F96481211BC7434F007919F7 /* Frameworks */,
				F96481221BC7434F007919F7 /* Resources */,
			);
			buildRules = (
			);
			dependencies = (
			);
			name = TipCalculator;
			productName = TipCalculator;
			productReference = F96481241BC7434F007919F7 /* TipCalculator.app */;
			productType = "com.apple.product-type.application";
		};
/* End PBXNativeTarget section */

/* Begin PBXProject section */
		F964811C1BC7434F007919F7 /* Project object */ = {
			isa = PBXProject;
			attributes = {
				LastUpgradeCheck = 0700;
				ORGANIZATIONNAME = "Sean Kemper";
				TargetAttributes = {
					F96481231BC7434F007919F7 = {
						CreatedOnToolsVersion = 7.0;
					};
				};
			};
			buildConfigurationList = F964811F1BC7434F007919F7 /* Build configuration list for PBXProject "Tippy" */;
			compatibilityVersion = "Xcode 3.2";
			developmentRegion = English;
			hasScannedForEncodings = 0;
			knownRegions = (
				en,
				Base,
			);
			mainGroup = F964811B1BC7434F007919F7;
			productRefGroup = F96481251BC7434F007919F7 /* Products */;
			projectDirPath = "";
			projectRoot = "";
			targets = (
				F96481231BC7434F007919F7 /* TipCalculator */,
			);
		};
/* End PBXProject section */

/* Begin PBXResourcesBuildPhase section */
		F96481221BC7434F007919F7 /* Resources */ = {
			isa = PBXResourcesBuildPhase;
			buildActionMask = 2147483647;
			files = (
				F96481371BC7434F007919F7 /* LaunchScreen.storyboard in Resources */,
				F96481341BC7434F007919F7 /* Assets.xcassets in Resources */,
				F96481321BC7434F007919F7 /* Main.storyboard in Resources */,
			);
			runOnlyForDeploymentPostprocessing = 0;
		};
/* End PBXResourcesBuildPhase section */

/* Begin PBXSourcesBuildPhase section */
		F96481201BC7434F007919F7 /* Sources */ = {
			isa = PBXSourcesBuildPhase;
			buildActionMask = 2147483647;
			files = (
				F964812F1BC7434F007919F7 /* TipViewController.m in Sources */,
				F964812C1BC7434F007919F7 /* AppDelegate.m in Sources */,
				F96481291BC7434F007919F7 /* main.m in Sources */,
				F939C6FF1BC77F5C007D8BB0 /* SettingsViewController.m in Sources */,
			);
			runOnlyForDeploymentPostprocessing = 0;
		};
/* End PBXSourcesBuildPhase section */

/* Begin PBXVariantGroup section */
		F96481301BC7434F007919F7 /* Main.storyboard */ = {
			isa = PBXVariantGroup;
			children = (
				F96481311BC7434F007919F7 /* Base */,
			);
			name = Main.storyboard;
			sourceTree = "<group>";
		};
		F96481351BC7434F007919F7 /* LaunchScreen.storyboard */ = {
			isa = PBXVariantGroup;
			children = (
				F96481361BC7434F007919F7 /* Base */,
			);
			name = LaunchScreen.storyboard;
			sourceTree = "<group>";
		};
/* End PBXVariantGroup section */

/* Begin XCBuildConfiguration section */
		F96481391BC7434F007919F7 /* Debug */ = {
			isa = XCBuildConfiguration;
			buildSettings = {
				ALWAYS_SEARCH_USER_PATHS = NO;
				CLANG_CXX_LANGUAGE_STANDARD = "gnu++0x";
				CLANG_CXX_LIBRARY = "libc++";
				CLANG_ENABLE_MODULES = YES;
				CLANG_ENABLE_OBJC_ARC = YES;
				CLANG_WARN_BOOL_CONVERSION = YES;
				CLANG_WARN_CONSTANT_CONVERSION = YES;
				CLANG_WARN_DIRECT_OBJC_ISA_USAGE = YES_ERROR;
				CLANG_WARN_EMPTY_BODY = YES;
				CLANG_WARN_ENUM_CONVERSION = YES;
				CLANG_WARN_INT_CONVERSION = YES;
				CLANG_WARN_OBJC_ROOT_CLASS = YES_ERROR;
				CLANG_WARN_UNREACHABLE_CODE = YES;
				CLANG_WARN__DUPLICATE_METHOD_MATCH = YES;
				"CODE_SIGN_IDENTITY[sdk=iphoneos*]" = "iPhone Developer";
				COPY_PHASE_STRIP = NO;
				DEBUG_INFORMATION_FORMAT = dwarf;
				ENABLE_STRICT_OBJC_MSGSEND = YES;
				ENABLE_TESTABILITY = YES;
				GCC_C_LANGUAGE_STANDARD = gnu99;
				GCC_DYNAMIC_NO_PIC = NO;
				GCC_NO_COMMON_BLOCKS = YES;
				GCC_OPTIMIZATION_LEVEL = 0;
				GCC_PREPROCESSOR_DEFINITIONS = (
					"DEBUG=1",
					"$(inherited)",
				);
				GCC_WARN_64_TO_32_BIT_CONVERSION = YES;
				GCC_WARN_ABOUT_RETURN_TYPE = YES_ERROR;
				GCC_WARN_UNDECLARED_SELECTOR = YES;
				GCC_WARN_UNINITIALIZED_AUTOS = YES_AGGRESSIVE;
				GCC_WARN_UNUSED_FUNCTION = YES;
				GCC_WARN_UNUSED_VARIABLE = YES;
				IPHONEOS_DEPLOYMENT_TARGET = 9.0;
				MTL_ENABLE_DEBUG_INFO = YES;
				ONLY_ACTIVE_ARCH = YES;
				SDKROOT = iphoneos;
				TARGETED_DEVICE_FAMILY = "1,2";
			};
			name = Debug;
		};
		F964813A1BC7434F007919F7 /* Release */ = {
			isa = XCBuildConfiguration;
			buildSettings = {
				ALWAYS_SEARCH_USER_PATHS = NO;
				CLANG_CXX_LANGUAGE_STANDARD = "gnu++0x";
				CLANG_CXX_LIBRARY = "libc++";
				CLANG_ENABLE_MODULES = YES;
				CLANG_ENABLE_OBJC_ARC = YES;
				CLANG_WARN_BOOL_CONVERSION = YES;
				CLANG_WARN_CONSTANT_CONVERSION = YES;
				CLANG_WARN_DIRECT_OBJC_ISA_USAGE = YES_ERROR;
				CLANG_WARN_EMPTY_BODY = YES;
				CLANG_WARN_ENUM_CONVERSION = YES;
				CLANG_WARN_INT_CONVERSION = YES;
				CLANG_WARN_OBJC_ROOT_CLASS = YES_ERROR;
				CLANG_WARN_UNREACHABLE_CODE = YES;
				CLANG_WARN__DUPLICATE_METHOD_MATCH = YES;
				"CODE_SIGN_IDENTITY[sdk=iphoneos*]" = "iPhone Developer";
				COPY_PHASE_STRIP = NO;
				DEBUG_INFORMATION_FORMAT = "dwarf-with-dsym";
				ENABLE_NS_ASSERTIONS = NO;
				ENABLE_STRICT_OBJC_MSGSEND = YES;
				GCC_C_LANGUAGE_STANDARD = gnu99;
				GCC_NO_COMMON_BLOCKS = YES;
				GCC_WARN_64_TO_32_BIT_CONVERSION = YES;
				GCC_WARN_ABOUT_RETURN_TYPE = YES_ERROR;
				GCC_WARN_UNDECLARED_SELECTOR = YES;
				GCC_WARN_UNINITIALIZED_AUTOS = YES_AGGRESSIVE;
				GCC_WARN_UNUSED_FUNCTION = YES;
				GCC_WARN_UNUSED_VARIABLE = YES;
				IPHONEOS_DEPLOYMENT_TARGET = 9.0;
				MTL_ENABLE_DEBUG_INFO = NO;
				SDKROOT = iphoneos;
				TARGETED_DEVICE_FAMILY = "1,2";
				VALIDATE_PRODUCT = YES;
			};
			name = Release;
		};
		F964813C1BC7434F007919F7 /* Debug */ = {
			isa = XCBuildConfiguration;
			buildSettings = {
				ASSETCATALOG_COMPILER_APPICON_NAME = AppIcon;
				INFOPLIST_FILE = TipCalculator/Info.plist;
				LD_RUNPATH_SEARCH_PATHS = "$(inherited) @executable_path/Frameworks";
				PRODUCT_BUNDLE_IDENTIFIER = seankemper.TipCalculator;
				PRODUCT_NAME = "$(TARGET_NAME)";
			};
			name = Debug;
		};
		F964813D1BC7434F007919F7 /* Release */ = {
			isa = XCBuildConfiguration;
			buildSettings = {
				ASSETCATALOG_COMPILER_APPICON_NAME = AppIcon;
				INFOPLIST_FILE = TipCalculator/Info.plist;
				LD_RUNPATH_SEARCH_PATHS = "$(inherited) @executable_path/Frameworks";
				PRODUCT_BUNDLE_IDENTIFIER = seankemper.TipCalculator;
				PRODUCT_NAME = "$(TARGET_NAME)";
			};
			name = Release;
		};
/* End XCBuildConfiguration section */

/* Begin XCConfigurationList section */
		F964811F1BC7434F007919F7 /* Build configuration list for PBXProject "Tippy" */ = {
			isa = XCConfigurationList;
			buildConfigurations = (
				F96481391BC7434F007919F7 /* Debug */,
				F964813A1BC7434F007919F7 /* Release */,
			);
			defaultConfigurationIsVisible = 0;
			defaultConfigurationName = Release;
		};
		F964813B1BC7434F007919F7 /* Build configuration list for PBXNativeTarget "TipCalculator" */ = {
			isa = XCConfigurationList;
			buildConfigurations = (
				F964813C1BC7434F007919F7 /* Debug */,
				F964813D1BC7434F007919F7 /* Release */,
			);
			defaultConfigurationIsVisible = 0;
			defaultConfigurationName = Release;
		};
/* End XCConfigurationList section */
	};
	rootObject = F964811C1BC7434F007919F7 /* Project object */;
}
